github.com/lucasew/golog v0.0.0-20190805103920-c9e25acedf6a h1:V4eJpZKQQkPw68dEIZPqrynAi2CD13yooxKo+WCM88Y=
github.com/lucasew/golog v0.0.0-20190805103920-c9e25acedf6a/go.mod h1:45lBkIUbTYhkPiAMMYRSDsdHI2oPB0PbtW/dzQmhKj0=
github.com/lucasew/golog v0.0.0-20250514223244-8d53aff8b0af/go.mod h1:45lBkIUbTYhkPiAMMYRSDsdHI2oPB0PbtW/dzQmhKj0=
